// !$*UTF8*$!
{
	archiveVersion = 1;
	classes = {
	};
	objectVersion = 56;
	objects = {

/* Begin PBXBuildFile section */
		14426CFD2A5B5AAB00BE7A82 /* InnerSpaceSaverView.h in Headers */ = {isa = PBXBuildFile; fileRef = 14426CFC2A5B5AAB00BE7A82 /* InnerSpaceSaverView.h */; };
		14426CFF2A5B5AAB00BE7A82 /* InnerSpaceSaverView.m in Sources */ = {isa = PBXBuildFile; fileRef = 14426CFE2A5B5AAB00BE7A82 /* InnerSpaceSaverView.m */; };
		14426D072A5B5AF800BE7A82 /* PSOperators.h in Headers */ = {isa = PBXBuildFile; fileRef = 14426D052A5B5AF800BE7A82 /* PSOperators.h */; };
		14426D082A5B5AF800BE7A82 /* PSOperators.m in Sources */ = {isa = PBXBuildFile; fileRef = 14426D062A5B5AF800BE7A82 /* PSOperators.m */; };
		14426D0D2A5BAF3100BE7A82 /* PolyhedraView.m in Sources */ = {isa = PBXBuildFile; fileRef = 14426D092A5BAF3100BE7A82 /* PolyhedraView.m */; };
		14426D0E2A5BAF3100BE7A82 /* PolyhedraViewWraps.m in Sources */ = {isa = PBXBuildFile; fileRef = 14426D0A2A5BAF3100BE7A82 /* PolyhedraViewWraps.m */; };
		14426D0F2A5BAF3100BE7A82 /* PolyhedraViewWraps.h in Headers */ = {isa = PBXBuildFile; fileRef = 14426D0B2A5BAF3100BE7A82 /* PolyhedraViewWraps.h */; };
		14426D102A5BAF3100BE7A82 /* PolyhedraView.h in Headers */ = {isa = PBXBuildFile; fileRef = 14426D0C2A5BAF3100BE7A82 /* PolyhedraView.h */; };
/* End PBXBuildFile section */

/* Begin PBXFileReference section */
		14426CF92A5B5AAB00BE7A82 /* InnerSpaceSaver.saver */ = {isa = PBXFileReference; explicitFileType = wrapper.cfbundle; includeInIndex = 0; path = InnerSpaceSaver.saver; sourceTree = BUILT_PRODUCTS_DIR; };
		14426CFC2A5B5AAB00BE7A82 /* InnerSpaceSaverView.h */ = {isa = PBXFileReference; lastKnownFileType = sourcecode.c.h; path = InnerSpaceSaverView.h; sourceTree = "<group>"; };
		14426CFE2A5B5AAB00BE7A82 /* InnerSpaceSaverView.m */ = {isa = PBXFileReference; lastKnownFileType = sourcecode.c.objc; path = InnerSpaceSaverView.m; sourceTree = "<group>"; };
		14426D052A5B5AF800BE7A82 /* PSOperators.h */ = {isa = PBXFileReference; fileEncoding = 4; lastKnownFileType = sourcecode.c.h; path = PSOperators.h; sourceTree = "<group>"; };
		14426D062A5B5AF800BE7A82 /* PSOperators.m */ = {isa = PBXFileReference; fileEncoding = 4; lastKnownFileType = sourcecode.c.objc; path = PSOperators.m; sourceTree = "<group>"; };
		14426D092A5BAF3100BE7A82 /* PolyhedraView.m */ = {isa = PBXFileReference; fileEncoding = 4; lastKnownFileType = sourcecode.c.objc; path = PolyhedraView.m; sourceTree = "<group>"; };
		14426D0A2A5BAF3100BE7A82 /* PolyhedraViewWraps.m */ = {isa = PBXFileReference; fileEncoding = 4; lastKnownFileType = sourcecode.c.objc; path = PolyhedraViewWraps.m; sourceTree = "<group>"; };
		14426D0B2A5BAF3100BE7A82 /* PolyhedraViewWraps.h */ = {isa = PBXFileReference; fileEncoding = 4; lastKnownFileType = sourcecode.c.h; path = PolyhedraViewWraps.h; sourceTree = "<group>"; };
		14426D0C2A5BAF3100BE7A82 /* PolyhedraView.h */ = {isa = PBXFileReference; fileEncoding = 4; lastKnownFileType = sourcecode.c.h; path = PolyhedraView.h; sourceTree = "<group>"; };
/* End PBXFileReference section */

/* Begin PBXFrameworksBuildPhase section */
		14426CF62A5B5AAB00BE7A82 /* Frameworks */ = {
			isa = PBXFrameworksBuildPhase;
			buildActionMask = 2147483647;
			files = (
			);
			runOnlyForDeploymentPostprocessing = 0;
		};
/* End PBXFrameworksBuildPhase section */

/* Begin PBXGroup section */
		14426CEF2A5B5AAB00BE7A82 = {
			isa = PBXGroup;
			children = (
				14426CFB2A5B5AAB00BE7A82 /* InnerSpaceSaver */,
				14426CFA2A5B5AAB00BE7A82 /* Products */,
			);
			sourceTree = "<group>";
		};
		14426CFA2A5B5AAB00BE7A82 /* Products */ = {
			isa = PBXGroup;
			children = (
				14426CF92A5B5AAB00BE7A82 /* InnerSpaceSaver.saver */,
			);
			name = Products;
			sourceTree = "<group>";
		};
		14426CFB2A5B5AAB00BE7A82 /* InnerSpaceSaver */ = {
			isa = PBXGroup;
			children = (
				14426D0C2A5BAF3100BE7A82 /* PolyhedraView.h */,
				14426D092A5BAF3100BE7A82 /* PolyhedraView.m */,
				14426D0B2A5BAF3100BE7A82 /* PolyhedraViewWraps.h */,
				14426D0A2A5BAF3100BE7A82 /* PolyhedraViewWraps.m */,
				14426D052A5B5AF800BE7A82 /* PSOperators.h */,
				14426D062A5B5AF800BE7A82 /* PSOperators.m */,
				14426CFC2A5B5AAB00BE7A82 /* InnerSpaceSaverView.h */,
				14426CFE2A5B5AAB00BE7A82 /* InnerSpaceSaverView.m */,
			);
			path = InnerSpaceSaver;
			sourceTree = "<group>";
		};
/* End PBXGroup section */

/* Begin PBXHeadersBuildPhase section */
		14426CF42A5B5AAB00BE7A82 /* Headers */ = {
			isa = PBXHeadersBuildPhase;
			buildActionMask = 2147483647;
			files = (
				14426D102A5BAF3100BE7A82 /* PolyhedraView.h in Headers */,
				14426D0F2A5BAF3100BE7A82 /* PolyhedraViewWraps.h in Headers */,
				14426CFD2A5B5AAB00BE7A82 /* InnerSpaceSaverView.h in Headers */,
				14426D072A5B5AF800BE7A82 /* PSOperators.h in Headers */,
			);
			runOnlyForDeploymentPostprocessing = 0;
		};
/* End PBXHeadersBuildPhase section */

/* Begin PBXNativeTarget section */
		14426CF82A5B5AAB00BE7A82 /* InnerSpaceSaver */ = {
			isa = PBXNativeTarget;
			buildConfigurationList = 14426D022A5B5AAB00BE7A82 /* Build configuration list for PBXNativeTarget "InnerSpaceSaver" */;
			buildPhases = (
				14426CF42A5B5AAB00BE7A82 /* Headers */,
				14426CF52A5B5AAB00BE7A82 /* Sources */,
				14426CF62A5B5AAB00BE7A82 /* Frameworks */,
				14426CF72A5B5AAB00BE7A82 /* Resources */,
			);
			buildRules = (
			);
			dependencies = (
			);
			name = InnerSpaceSaver;
			productName = InnerSpaceSaver;
			productReference = 14426CF92A5B5AAB00BE7A82 /* InnerSpaceSaver.saver */;
			productType = "com.apple.product-type.bundle";
		};
/* End PBXNativeTarget section */

/* Begin PBXProject section */
		14426CF02A5B5AAB00BE7A82 /* Project object */ = {
			isa = PBXProject;
			attributes = {
				BuildIndependentTargetsInParallel = 1;
				LastUpgradeCheck = 1430;
				TargetAttributes = {
					14426CF82A5B5AAB00BE7A82 = {
						CreatedOnToolsVersion = 14.3.1;
					};
				};
			};
			buildConfigurationList = 14426CF32A5B5AAB00BE7A82 /* Build configuration list for PBXProject "InnerSpaceSaver" */;
			compatibilityVersion = "Xcode 14.0";
			developmentRegion = en;
			hasScannedForEncodings = 0;
			knownRegions = (
				en,
				Base,
			);
			mainGroup = 14426CEF2A5B5AAB00BE7A82;
			productRefGroup = 14426CFA2A5B5AAB00BE7A82 /* Products */;
			projectDirPath = "";
			projectRoot = "";
			targets = (
				14426CF82A5B5AAB00BE7A82 /* InnerSpaceSaver */,
			);
		};
/* End PBXProject section */

/* Begin PBXResourcesBuildPhase section */
		14426CF72A5B5AAB00BE7A82 /* Resources */ = {
			isa = PBXResourcesBuildPhase;
			buildActionMask = 2147483647;
			files = (
			);
			runOnlyForDeploymentPostprocessing = 0;
		};
/* End PBXResourcesBuildPhase section */

/* Begin PBXSourcesBuildPhase section */
		14426CF52A5B5AAB00BE7A82 /* Sources */ = {
			isa = PBXSourcesBuildPhase;
			buildActionMask = 2147483647;
			files = (
				14426D082A5B5AF800BE7A82 /* PSOperators.m in Sources */,
				14426CFF2A5B5AAB00BE7A82 /* InnerSpaceSaverView.m in Sources */,
				14426D0D2A5BAF3100BE7A82 /* PolyhedraView.m in Sources */,
				14426D0E2A5BAF3100BE7A82 /* PolyhedraViewWraps.m in Sources */,
			);
			runOnlyForDeploymentPostprocessing = 0;
		};
/* End PBXSourcesBuildPhase section */

/* Begin XCBuildConfiguration section */
		14426D002A5B5AAB00BE7A82 /* Debug */ = {
			isa = XCBuildConfiguration;
			buildSettings = {
				ALWAYS_SEARCH_USER_PATHS = NO;
				CLANG_ANALYZER_NONNULL = YES;
				CLANG_ANALYZER_NUMBER_OBJECT_CONVERSION = YES_AGGRESSIVE;
				CLANG_CXX_LANGUAGE_STANDARD = "gnu++20";
				CLANG_ENABLE_MODULES = YES;
				CLANG_ENABLE_OBJC_ARC = YES;
				CLANG_ENABLE_OBJC_WEAK = YES;
				CLANG_WARN_BLOCK_CAPTURE_AUTORELEASING = YES;
				CLANG_WARN_BOOL_CONVERSION = YES;
				CLANG_WARN_COMMA = YES;
				CLANG_WARN_CONSTANT_CONVERSION = YES;
				CLANG_WARN_DEPRECATED_OBJC_IMPLEMENTATIONS = YES;
				CLANG_WARN_DIRECT_OBJC_ISA_USAGE = YES_ERROR;
				CLANG_WARN_DOCUMENTATION_COMMENTS = YES;
				CLANG_WARN_EMPTY_BODY = YES;
				CLANG_WARN_ENUM_CONVERSION = YES;
				CLANG_WARN_INFINITE_RECURSION = YES;
				CLANG_WARN_INT_CONVERSION = YES;
				CLANG_WARN_NON_LITERAL_NULL_CONVERSION = YES;
				CLANG_WARN_OBJC_IMPLICIT_RETAIN_SELF = YES;
				CLANG_WARN_OBJC_LITERAL_CONVERSION = YES;
				CLANG_WARN_OBJC_ROOT_CLASS = YES_ERROR;
				CLANG_WARN_QUOTED_INCLUDE_IN_FRAMEWORK_HEADER = YES;
				CLANG_WARN_RANGE_LOOP_ANALYSIS = YES;
				CLANG_WARN_STRICT_PROTOTYPES = YES;
				CLANG_WARN_SUSPICIOUS_MOVE = YES;
				CLANG_WARN_UNGUARDED_AVAILABILITY = YES_AGGRESSIVE;
				CLANG_WARN_UNREACHABLE_CODE = YES;
				CLANG_WARN__DUPLICATE_METHOD_MATCH = YES;
				COPY_PHASE_STRIP = NO;
				DEBUG_INFORMATION_FORMAT = dwarf;
				ENABLE_STRICT_OBJC_MSGSEND = YES;
				ENABLE_TESTABILITY = YES;
				GCC_C_LANGUAGE_STANDARD = gnu11;
				GCC_DYNAMIC_NO_PIC = NO;
				GCC_NO_COMMON_BLOCKS = YES;
				GCC_OPTIMIZATION_LEVEL = 0;
				GCC_PREPROCESSOR_DEFINITIONS = (
					"DEBUG=1",
					"$(inherited)",
				);
				GCC_WARN_64_TO_32_BIT_CONVERSION = YES;
				GCC_WARN_ABOUT_RETURN_TYPE = YES_ERROR;
				GCC_WARN_UNDECLARED_SELECTOR = YES;
				GCC_WARN_UNINITIALIZED_AUTOS = YES_AGGRESSIVE;
				GCC_WARN_UNUSED_FUNCTION = YES;
				GCC_WARN_UNUSED_VARIABLE = YES;
				MACOSX_DEPLOYMENT_TARGET = 13.3;
				MTL_ENABLE_DEBUG_INFO = INCLUDE_SOURCE;
				MTL_FAST_MATH = YES;
				ONLY_ACTIVE_ARCH = YES;
				SDKROOT = macosx;
			};
			name = Debug;
		};
		14426D012A5B5AAB00BE7A82 /* Release */ = {
			isa = XCBuildConfiguration;
			buildSettings = {
				ALWAYS_SEARCH_USER_PATHS = NO;
				CLANG_ANALYZER_NONNULL = YES;
				CLANG_ANALYZER_NUMBER_OBJECT_CONVERSION = YES_AGGRESSIVE;
				CLANG_CXX_LANGUAGE_STANDARD = "gnu++20";
				CLANG_ENABLE_MODULES = YES;
				CLANG_ENABLE_OBJC_ARC = YES;
				CLANG_ENABLE_OBJC_WEAK = YES;
				CLANG_WARN_BLOCK_CAPTURE_AUTORELEASING = YES;
				CLANG_WARN_BOOL_CONVERSION = YES;
				CLANG_WARN_COMMA = YES;
				CLANG_WARN_CONSTANT_CONVERSION = YES;
				CLANG_WARN_DEPRECATED_OBJC_IMPLEMENTATIONS = YES;
				CLANG_WARN_DIRECT_OBJC_ISA_USAGE = YES_ERROR;
				CLANG_WARN_DOCUMENTATION_COMMENTS = YES;
				CLANG_WARN_EMPTY_BODY = YES;
				CLANG_WARN_ENUM_CONVERSION = YES;
				CLANG_WARN_INFINITE_RECURSION = YES;
				CLANG_WARN_INT_CONVERSION = YES;
				CLANG_WARN_NON_LITERAL_NULL_CONVERSION = YES;
				CLANG_WARN_OBJC_IMPLICIT_RETAIN_SELF = YES;
				CLANG_WARN_OBJC_LITERAL_CONVERSION = YES;
				CLANG_WARN_OBJC_ROOT_CLASS = YES_ERROR;
				CLANG_WARN_QUOTED_INCLUDE_IN_FRAMEWORK_HEADER = YES;
				CLANG_WARN_RANGE_LOOP_ANALYSIS = YES;
				CLANG_WARN_STRICT_PROTOTYPES = YES;
				CLANG_WARN_SUSPICIOUS_MOVE = YES;
				CLANG_WARN_UNGUARDED_AVAILABILITY = YES_AGGRESSIVE;
				CLANG_WARN_UNREACHABLE_CODE = YES;
				CLANG_WARN__DUPLICATE_METHOD_MATCH = YES;
				COPY_PHASE_STRIP = NO;
				DEBUG_INFORMATION_FORMAT = "dwarf-with-dsym";
				ENABLE_NS_ASSERTIONS = NO;
				ENABLE_STRICT_OBJC_MSGSEND = YES;
				GCC_C_LANGUAGE_STANDARD = gnu11;
				GCC_NO_COMMON_BLOCKS = YES;
				GCC_WARN_64_TO_32_BIT_CONVERSION = YES;
				GCC_WARN_ABOUT_RETURN_TYPE = YES_ERROR;
				GCC_WARN_UNDECLARED_SELECTOR = YES;
				GCC_WARN_UNINITIALIZED_AUTOS = YES_AGGRESSIVE;
				GCC_WARN_UNUSED_FUNCTION = YES;
				GCC_WARN_UNUSED_VARIABLE = YES;
				MACOSX_DEPLOYMENT_TARGET = 13.3;
				MTL_ENABLE_DEBUG_INFO = NO;
				MTL_FAST_MATH = YES;
				SDKROOT = macosx;
			};
			name = Release;
		};
		14426D032A5B5AAB00BE7A82 /* Debug */ = {
			isa = XCBuildConfiguration;
			buildSettings = {
				CODE_SIGN_STYLE = Automatic;
				COMBINE_HIDPI_IMAGES = YES;
				CURRENT_PROJECT_VERSION = 1;
				DEVELOPMENT_TEAM = 768T4SN737;
				GENERATE_INFOPLIST_FILE = YES;
				INFOPLIST_KEY_NSHumanReadableCopyright = "";
				INFOPLIST_KEY_NSPrincipalClass = InnerSpaceSaverView;
				INSTALL_PATH = "$(HOME)/Library/Screen Savers";
				MARKETING_VERSION = 1.0;
				PRODUCT_BUNDLE_IDENTIFIER = com.blacklotus.InnerSpaceSaver;
				PRODUCT_NAME = "$(TARGET_NAME)";
				SWIFT_EMIT_LOC_STRINGS = YES;
				WRAPPER_EXTENSION = saver;
			};
			name = Debug;
		};
		14426D042A5B5AAB00BE7A82 /* Release */ = {
			isa = XCBuildConfiguration;
			buildSettings = {
				CODE_SIGN_STYLE = Automatic;
				COMBINE_HIDPI_IMAGES = YES;
				CURRENT_PROJECT_VERSION = 1;
				DEVELOPMENT_TEAM = 768T4SN737;
				GENERATE_INFOPLIST_FILE = YES;
				INFOPLIST_KEY_NSHumanReadableCopyright = "";
				INFOPLIST_KEY_NSPrincipalClass = InnerSpaceSaverView;
				INSTALL_PATH = "$(HOME)/Library/Screen Savers";
				MARKETING_VERSION = 1.0;
				PRODUCT_BUNDLE_IDENTIFIER = com.blacklotus.InnerSpaceSaver;
				PRODUCT_NAME = "$(TARGET_NAME)";
				SWIFT_EMIT_LOC_STRINGS = YES;
				WRAPPER_EXTENSION = saver;
			};
			name = Release;
		};
/* End XCBuildConfiguration section */

/* Begin XCConfigurationList section */
		14426CF32A5B5AAB00BE7A82 /* Build configuration list for PBXProject "InnerSpaceSaver" */ = {
			isa = XCConfigurationList;
			buildConfigurations = (
				14426D002A5B5AAB00BE7A82 /* Debug */,
				14426D012A5B5AAB00BE7A82 /* Release */,
			);
			defaultConfigurationIsVisible = 0;
			defaultConfigurationName = Release;
		};
		14426D022A5B5AAB00BE7A82 /* Build configuration list for PBXNativeTarget "InnerSpaceSaver" */ = {
			isa = XCConfigurationList;
			buildConfigurations = (
				14426D032A5B5AAB00BE7A82 /* Debug */,
				14426D042A5B5AAB00BE7A82 /* Release */,
			);
			defaultConfigurationIsVisible = 0;
			defaultConfigurationName = Release;
		};
/* End XCConfigurationList section */
	};
	rootObject = 14426CF02A5B5AAB00BE7A82 /* Project object */;
}
